{
  "name": "file-share-app",
  "version": "1.0.0",
  "lockfileVersion": 3,
  "requires": true,
  "packages": {
    "": {
      "name": "file-share-app",
      "version": "1.0.0",
      "dependencies": {
        "@neondatabase/serverless": "^1.0.0",
        "@vercel/blob": "^2.3.0",
        "bcryptjs": "^2.4.3",
        "cookie-session": "^2.1.0",
        "express": "^4.21.1",
        "multer": "^2.4.0",
        "uuid": "^11.0.2"
      },
      "engines": {
        "node": ">=18"
      }
    },
    "node_modules/@neondatabase/serverless": {
      "version": "1.2.0",
      "resolved": "https://registry.npmjs.org/@neondatabase/serverless/-/serverless-1.2.0.tgz",
      "integrity": "sha512-tnaqgixUengZQNd9ZrS3ytQfamJzLKY8QxgqWQTNHHtB+KrFQWk77JTbbpg4RD+J3qE4eO2lVytvGDX5Kj6FdQ==",
      "license": "MIT",
      "engines": {
        "node": ">=19.0.0"
      }
    },
    "node_modules/@vercel/blob": {
      "version": "2.8.0",
      "resolved": "https://registry.npmjs.org/@vercel/blob/-/blob-2.8.0.tgz",
      "integrity": "sha512-Nu+HWKpkgovCh/ezlG7wCVwF7RErTzLzZMbGKFBdGBCbTKyK+s5VXPLl+0+TpNEQPH8AVaGzOpIsXUOtkqylCQ==",
      "license": "Apache-2.0",
      "dependencies": {
        "@vercel/oidc": "^3.6.1",
        "async-retry": "^1.3.3",
        "is-buffer": "^2.0.5",
        "is-node-process": "^1.2.0",
        "throttleit": "^2.1.0",
        "undici": "^6.23.0"
      },
      "engines": {
        "node": ">=20.0.0"
      }
    },
   ¶»§q«^